github.com/coreos/go-systemd/v22 v22.5.0/go.mod h1:Y58oyj3AT4RCenI/lSvhwexgC+NSVTIJ3seZv2GcEnc=
github.com/davecgh/go-spew v1.1.0/go.mod h1:J7Y8YcW2NihsgmVo/mv3lAwl/skON4iLHjSsI+c5H38=
github.com/davecgh/go-spew v1.1.1 h1:vj9j/u1bqnvCEfJOwUhtlOARqs3+rkHYY13jYWTU97c=
github.com/davecgh/go-spew v1.1.1/go.mod h1:J7Y8YcW2NihsgmVo/mv3lAwl/skON4iLHjSsI+c5H38=
github.com/frankban/quicktest v1.14.6 h1:7Xjx+VpznH+oBnejlPUj8oUpdxnVs4f8XU8WnHkI4W8=
github.com/frankban/quicktest v1.14.6/go.mod h1:4ptaffx2x8+WTWXmUCuVU6aPUX1/Mz7zb5vbUoiM6w0=
github.com/fsnotify/fsnotify v1.9.0 h1:2Ml+OJNzbYCTzsxtv8vKSFD9PbJjmhYF14k/jKC7S9k=
github.com/fsnotify/fsnotify v1.9.0/go.mod h1:8jBTzvmWwFyi3Pb8djgCCO5IBqzKJ/Jwo8TRcHyHii0=
github.com/go-viper/mapstructure/v2 v2.4.0 h1:EBsztssimR/CONLSZZ04E8qAkxNYq4Qp9LvH92wZUgs=
github.com/go-viper/mapstructure/v2 v2.4.0/go.mod h1:oJDH3BJKyqBA2TXFhDsKDGDTlndYOZ6rGS0BRZIxGhM=
github.com/godbus/dbus/v5 v5.0.4/go.mod h1:xhWf0FNVPg57R7Z0UbKHbJfkEywrmjJnf7w5xrFpKfA=
github.com/google/go-cmp v0.7.0 h1:wk8382ETsv4JYUZwIsn6YpYiWiBsYLSJiTsyBybVuN8=
github.com/google/go-cmp v0.7.0/go.mod h1:pXiqmnSA92OHEEa9HXL2W4E7lf9JzCmGVUdgjX3N/iU=
github.com/google/wire v0.7.0 h1:JxUKI6+CVBgCO2WToKy/nQk0sS+amI9z9EjVmdaocj4=
github.com/google/wire v0.7.0/go.mod h1:n6YbUQD9cPKTnHXEBN2DXlOp/mVADhVErcMFb0v3J18=
github.com/gopacket/gopacket v1.5.0 h1:9s9fcSUVKFlRV97B77Bq9XNV3ly2gvvsneFMQUGjc+M=
github.com/gopacket/gopacket v1.5.0/go.mod h1:i3NaGaqfoWKAr1+g7qxEdWsmfT+MXuWkAe9+THv8LME=
github.com/kr/pretty v0.2.1/go.mod h1:ipq/a2n7PKx3OHsz4KJII5eveXtPO4qwEXGdVfWzfnI=
github.com/kr/pretty v0.3.1 h1:flRD4NNwYAUpkphVc1HcthR4KEIFJ65n8Mw5qdRn3LE=
github.com/kr/pretty v0.3.1/go.mod h1:hoEshYVHaxMs3cyo3Yncou5ZscifuDolrwPKZanG3xk=
github.com/kr/pty v1.1.1/go.mod h1:pFQYn66WHrOpPYNljwOMqo10TkYh1fy3cYio2l3bCsQ=
github.com/kr/text v0.1.0/go.mod h1:4Jbv+DJW3UT/LiOwJeYQe1efqtUx/iVham/4vfdArNI=
github.com/kr/text v0.2.0 h1:5Nx0Ya0ZqY2ygV366QzturHI13Jq95ApcVaJBhpS+AY=
github.com/kr/text v0.2.0/go.mod h1:eLer722TekiGuMkidMxC/pM04lWEeraHUUmBw8l2grE=
github.com/mattn/go-colorable v0.1.13/go.mod h1:7S9/ev0klgBDR4GtXTXX8a3vIGJpMovkB8vQcUbaXHg=
github.com/mattn/go-colorable v0.1.14 h1:9A9LHSqF/7dyVVX6g0U9cwm9pG3kP9gSzcuIPHPsaIE=
github.com/mattn/go-colorable v0.1.14/go.mod h1:6LmQG8QLFO4G5z1gPvYEzlUgJ2wF+stgPZH1UqBm1s8=
github.com/mattn/go-isatty v0.0.16/go.mod h1:kYGgaQfpe5nmfYZH+SKPsOc2e4SrIfOl2e/yFXSvRLM=
github.com/mattn/go-isatty v0.0.19/go.mod h1:W+V8PltTTMOvKvAeJH7IuucS94S2C6jfK/D7dTCTo3Y=
github.com/mattn/go-isatty v0.0.20 h1:xfD0iDuEKnDkl03q4limB+vH+GxLEtL/jb4xVJSWWEY=
github.com/mattn/go-isatty v0.0.20/go.mod h1:W+V8PltTTMOvKvAeJH7IuucS94S2C6jfK/D7dTCTo3Y=
github.com/mdlayher/genetlink v1.3.2 h1:KdrNKe+CTu+IbZnm/GVUMXSqBBLqcGpRDa0xkQy56gw=
github.com/mdlayher/genetlink v1.3.2/go.mod h1:tcC3pkCrPUGIKKsCsp0B3AdaaKuHtaxoJRz3cc+528o=
github.com/mdlayher/netlink v1.8.0 h1:e7XNIYJKD7hUct3Px04RuIGJbBxy1/c4nX7D5YyvvlM=
github.com/mdlayher/netlink v1.8.0/go.mod h1:UhgKXUlDQhzb09DrCl2GuRNEglHmhYoWAHid9HK3594=
github.com/mdlayher/socket v0.5.1 h1:VZaqt6RkGkt2OE9l3GcC6nZkqD3xKeQLyfleW/uBcos=
github.com/mdlayher/socket v0.5.1/go.mod h1:TjPLHI1UgwEv5J1B5q0zTZq12A/6H7nKmtTanQE37IQ=
github.com/mikioh/ipaddr v0.0.0-20190404000644-d465c8ab6721 h1:RlZweED6sbSArvlE924+mUcZuXKLBHA35U7LN621Bws=
github.com/mikioh/ipaddr v0.0.0-20190404000644-d465c8ab6721/go.mod h1:Ickgr2WtCLZ2MDGd4Gr0geeCH5HybhRJbonOgQpvSxc=
github.com/mitchellh/mapstructure v1.5.0 h1:jeMsZIYE/09sWLaz43PL7Gy6RuMjD2eJVyuac5Z2hdY=
github.com/mitchellh/mapstructure v1.5.0/go.mod h1:bFUtVrKA4DC2yAKiSyO/QUcy7e+RRV2QTWOzhPopBRo=
github.com/packetcap/go-pcap v0.0.0-20251215121130-f2cf9f991e7c h1:B5gWB1LB6OxpoXz+FsLUhQEcCAtMpajhBZ2K0X9KjfE=
github.com/packetcap/go-pcap v0.0.0-20251215121130-f2cf9f991e7c/go.mod h1:1jryUz9E2ndKwZBNHzVhLMzS3WHO0fOKydYi9XWWu9w=
github.com/pelletier/go-toml/v2 v2.2.4 h1:mye9XuhQ6gvn5h28+VilKrrPoQVanw5PMw/TB0t5Ec4=
github.com/pelletier/go-toml/v2 v2.2.4/go.mod h1:2gIqNv+qfxSVS7cM2xJQKtLSTLUE9V8t9Stt+h56mCY=
github.com/pion/dtls/v2 v2.2.7/go.mod h1:8WiMkebSHFD0T+dIU+UeBaoV7kDhOW5oDCzZ7WZ/F9s=
github.com/pion/dtls/v2 v2.2.12 h1:KP7H5/c1EiVAAKUmXyCzPiQe5+bCJrpOeKg/L05dunk=
github.com/pion/dtls/v2 v2.2.12/go.mod h1:d9SYc9fch0CqK90mRk1dC7AkzzpwJj6u2GU3u+9pqFE=
github.com/pion/logging v0.2.2/go.mod h1:k0/tDVsRCX2Mb2ZEmTqNa7CWsQPc+YYCB7Q+5pahoms=
github.com/pion/logging v0.2.4 h1:tTew+7cmQ+Mc1pTBLKH2puKsOvhm32dROumOZ655zB8=
github.com/pion/logging v0.2.4/go.mod h1:DffhXTKYdNZU+KtJ5pyQDjvOAh/GsNSyv1lbkFbe3so=
github.com/pion/stun v0.6.1 h1:8lp6YejULeHBF8NmV8e2787BogQhduZugh5PdhDyyN4=
github.com/pion/stun v0.6.1/go.mod h1:/hO7APkX4hZKu/D0f2lHzNyvdkTGtIy3NDmLR7kSz/8=
github.com/pion/transport/v2 v2.2.1/go.mod h1:cXXWavvCnFF6McHTft3DWS9iic2Mftcz1Aq29pGcU5g=
github.com/pion/transport/v2 v2.2.4/go.mod h1:q2U/tf9FEfnSBGSW6w5Qp5PFWRLRj3NjLhCCgpRK4p0=
github.com/pion/transport/v2 v2.2.10 h1:ucLBLE8nuxiHfvkFKnkDQRYWYfp8ejf4YBOPfaQpw6Q=
github.com/pion/transport/v2 v2.2.10/go.mod h1:sq1kSLWs+cHW9E+2fJP95QudkzbK7wscs8yYgQToO5E=
github.com/pion/transport/v3 v3.0.7 h1:iRbMH05BzSNwhILHoBoAPxoB9xQgOaJk+591KC9P1o0=
github.com/pion/transport/v3 v3.0.7/go.mod h1:YleKiTZ4vqNxVwh77Z0zytYi7rXHl7j6uPLGhhz9rwo=
github.com/pkg/errors v0.9.1/go.mod h1:bwawxfHBFNV+L2hUp1rHADufV3IMtnDRdf1r5NINEl0=
github.com/pmezard/go-difflib v1.0.0 h1:4DBwDE0NGyQoBHbLQYPwSUPoCMWR5BEzIk/f1lZbAQM=
github.com/pmezard/go-difflib v1.0.0/go.mod h1:iKH77koFhYxTK1pcRnkKkqfTogsbg7gZNVY4sRDYZ/4=
github.com/rogpeppe/go-internal v1.9.0 h1:73kH8U+JUqXU8lRuOHeVHaa/SZPifC7BkcraZVejAe8=
github.com/rogpeppe/go-internal v1.9.0/go.mod h1:WtVeX8xhTBvf0smdhujwtBcq4Qrzq/fJaraNFVN+nFs=
github.com/rs/xid v1.6.0/go.mod h1:7XoLgs4eV+QndskICGsho+ADou8ySMSjJKDIan90Nz0=
github.com/rs/zerolog v1.34.0 h1:k43nTLIwcTVQAncfCw4KZ2VY6ukYoZaBPNOE8txlOeY=
github.com/rs/zerolog v1.34.0/go.mod h1:bJsvje4Z08ROH4Nhs5iH600c3IkWhwp44iRc54W6wYQ=
github.com/sagikazarmark/locafero v0.12.0 h1:/NQhBAkUb4+fH1jivKHWusDYFjMOOKU88eegjfxfHb4=
github.com/sagikazarmark/locafero v0.12.0/go.mod h1:sZh36u/YSZ918v0Io+U9ogLYQJ9tLLBmM4eneO6WwsI=
github.com/sirupsen/logrus v1.9.3 h1:dueUQJ1C2q9oE3F7wvmSGAaVtTmUizReu6fjN8uqzbQ=
github.com/sirupsen/logrus v1.9.3/go.mod h1:naHLuLoDiP4jHNo9R0sCBMtWGeIprob74mVsIT4qYEQ=
github.com/spf13/afero v1.15.0 h1:b/YBCLWAJdFWJTN9cLhiXXcD7mzKn9Dm86dNnfyQw1I=
github.com/spf13/afero v1.15.0/go.mod h1:NC2ByUVxtQs4b3sIUphxK0NioZnmxgyCrfzeuq8lxMg=
github.com/spf13/cast v1.10.0 h1:h2x0u2shc1QuLHfxi+cTJvs30+ZAHOGRic8uyGTDWxY=
github.com/spf13/cast v1.10.0/go.mod h1:jNfB8QC9IA6ZuY2ZjDp0KtFO2LZZlg4S/7bzP6qqeHo=
github.com/spf13/pflag v1.0.10 h1:4EBh2KAYBwaONj6b2Ye1GiHfwjqyROoF4RwYO+vPwFk=
github.com/spf13/pflag v1.0.10/go.mod h1:McXfInJRrz4CZXVZOBLb0bTZqETkiAhM9Iw0y3An2Bg=
github.com/spf13/viper v1.21.0 h1:x5S+0EU27Lbphp4UKm1C+1oQO+rKx36vfCoaVebLFSU=
github.com/spf13/viper v1.21.0/go.mod h1:P0lhsswPGWD/1lZJ9ny3fYnVqxiegrlNrEmgLjbTCAY=
github.com/stretchr/objx v0.1.0/go.mod h1:HFkY916IF+rwdDfMAkV7OtwuqBVzrE8GR6GFx+wExME=
github.com/stretchr/objx v0.4.0/go.mod h1:YvHI0jy2hoMjB+UWwv71VJQ9isScKT/TqJzVSSt89Yw=
github.com/stretchr/objx v0.5.0/go.mod h1:Yh+to48EsGEfYuaHDzXPcE3xhTkx73EhmCGUpEOglKo=
github.com/stretchr/testify v1.7.0/go.mod h1:6Fq8oRcR53rry900zMqJjRRixrwX3KX962/h/Wwjteg=
github.com/stretchr/testify v1.7.1/go.mod h1:6Fq8oRcR53rry900zMqJjRRixrwX3KX962/h/Wwjteg=
github.com/stretchr/testify v1.8.0/go.mod h1:yNjHg4UonilssWZ8iaSj1OCr/vHnekPRkoO+kdMU+MU=
github.com/stretchr/testify v1.8.3/go.mod h1:sz/lmYIOXD/1dqDmKjjqLyZ2RngseejIcXlSw2iwfAo=
github.com/stretchr/testify v1.8.4/go.mod h1:sz/lmYIOXD/1dqDmKjjqLyZ2RngseejIcXlSw2iwfAo=
github.com/stretchr/testify v1.11.1 h1:7s2iGBzp5EwR7/aIZr8ao5+dra3wiQyKjjFuvgVKu7U=
github.com/stretchr/testify v1.11.1/go.mod h1:wZwfW3scLgRK+23gO65QZefKpKQRnfz6sD981Nm4B6U=
github.com/subosito/gotenv v1.6.0 h1:9NlTDc1FTs4qu0DDq7AEtTPNw6SVm7uBMsUCUjABIf8=
github.com/subosito/gotenv v1.6.0/go.mod h1:Dk4QP5c2W3ibzajGcXpNraDfq2IrhjMIvMSWPKKo0FU=
github.com/wlynxg/anet v0.0.3/go.mod h1:eay5PRQr7fIVAMbTbchTnO9gG65Hg/uYGdc7mguHxoA=
github.com/wlynxg/anet v0.0.5 h1:J3VJGi1gvo0JwZ/P1/Yc/8p63SoW98B5dHkYDmpgvvU=
github.com/wlynxg/anet v0.0.5/go.mod h1:eay5PRQr7fIVAMbTbchTnO9gG65Hg/uYGdc7mguHxoA=
github.com/yuin/goldmark v1.4.13/go.mod h1:6yULJ656Px+3vBD8DxQVa3kxgyrAnzto9xy5taEt/CY=
go.uber.org/mock v0.6.0 h1:hyF9dfmbgIX5EfOdasqLsWD6xqpNZlXblLB/Dbnwv3Y=
go.uber.org/mock v0.6.0/go.mod h1:KiVJ4BqZJaMj4svdfmHM0AUx4NJYO8ZNpPnZn1Z+BBU=
go.yaml.in/yaml/v3 v3.0.4 h1:tfq32ie2Jv2UxXFdLJdh3jXuOzWiL1fo0bu/FbuKpbc=
go.yaml.in/yaml/v3 v3.0.4/go.mod h1:DhzuOOF2ATzADvBadXxruRBLzYTpT36CKvDb3+aBEFg=
golang.org/x/crypto v0.0.0-20190308221718-c2843e01d9a2/go.mod h1:djNgcEr1/C05ACkg1iLfiJU5Ep61QUkGW8qpdssI0+w=
golang.org/x/crypto v0.0.0-20210921155107-089bfa567519/go.mod h1:GvvjBRRGRdwPK5ydBHafDWAxML/pGHZbMvKqRZ5+Abc=
golang.org/x/crypto v0.8.0/go.mod h1:mRqEX+O9/h5TFCrQhkgjo2yKi0yYA+9ecGkdQoHrywE=
golang.org/x/crypto v0.12.0/go.mod h1:NF0Gs7EO5K4qLn+Ylc+fih8BSTeIjAP05siRnAh98yw=
golang.org/x/crypto v0.18.0/go.mod h1:R0j02AL6hcrfOiy9T4ZYp/rcWeMxM3L6QYxlOuEG1mg=
golang.org/x/crypto v0.48.0 h1:/VRzVqiRSggnhY7gNRxPauEQ5Drw9haKdM0jqfcCFts=
golang.org/x/crypto v0.48.0/go.mod h1:r0kV5h3qnFPlQnBSrULhlsRfryS2pmewsg+XfMgkVos=
golang.org/x/mod v0.6.0-dev.0.20220419223038-86c51ed26bb4/go.mod h1:jJ57K6gSWd91VN4djpZkiMVwK6gcyfeH4XE8wZrZaV4=
golang.org/x/mod v0.8.0/go.mod h1:iBbtSCu2XBx23ZKBPSOrRkjjQPZFPuis4dIYUhu/chs=
golang.org/x/net v0.0.0-20190620200207-3b0461eec859/go.mod h1:z5CRVTTTmAJ677TzLLGU+0bjPO0LkuOLi4/5GtJWs/s=
golang.org/x/net v0.0.0-20210226172049-e18ecbb05110/go.mod h1:m0MpNAwzfU5UDzcl9v0D8zg8gWTRqZa9RBIspLL5mdg=
golang.org/x/net v0.0.0-20220722155237-a158d28d115b/go.mod h1:XRhObCWvk6IyKnWLug+ECip1KBveYUHfp+8e9klMJ9c=
golang.org/x/net v0.6.0/go.mod h1:2Tu9+aMcznHK/AK1HMvgo6xiTLG5rD5rZLDS+rp2Bjs=
golang.org/x/net v0.9.0/go.mod h1:d48xBJpPfHeWQsugry2m+kC02ZBRGRgulfHnEXEuWns=
golang.org/x/net v0.10.0/go.mod h1:0qNGK6F8kojg2nk9dLZ2mShWaEBan6FAoqfSigmmuDg=
golang.org/x/net v0.14.0/go.mod h1:PpSgVXXLK0OxS0F31C1/tv6XNguvCrnXIDrFMspZIUI=
golang.org/x/net v0.20.0/go.mod h1:z8BVo6PvndSri0LbOE3hAn0apkU+1YvI6E70E9jsnvY=
golang.org/x/net v0.50.0 h1:ucWh9eiCGyDR3vtzso0WMQinm2Dnt8cFMuQa9K33J60=
golang.org/x/net v0.50.0/go.mod h1:UgoSli3F/pBgdJBHCTc+tp3gmrU4XswgGRgtnwWTfyM=
golang.org/x/sync v0.0.0-20190423024810-112230192c58/go.mod h1:RxMgew5VJxzue5/jJTE5uejpjVlOe/izrB70Jof72aM=
golang.org/x/sync v0.0.0-20220722155255-886fb9371eb4/go.mod h1:RxMgew5VJxzue5/jJTE5uejpjVlOe/izrB70Jof72aM=
golang.org/x/sync v0.1.0/go.mod h1:RxMgew5VJxzue5/jJTE5uejpjVlOe/izrB70Jof72aM=
golang.org/x/sync v0.19.0 h1:vV+1eWNmZ5geRlYjzm2adRgW2/mcpevXNg50YZtPCE4=
golang.org/x/sync v0.19.0/go.mod h1:9KTHXmSnoGruLpwFjVSX0lNNA75CykiMECbovNTZqGI=
golang.org/x/sys v0.0.0-20190215142949-d0b11bdaac8a/go.mod h1:STP8DvDyc/dI5b8T5hshtkjS+E42TnysNCUPdjciGhY=
golang.org/x/sys v0.0.0-20201119102817-f84b799fce68/go.mod h1:h1NjWce9XRLGQEsW7wpKNCjG9DtNlClVuFLEZdDNbEs=
golang.org/x/sys v0.0.0-20210615035016-665e8c7367d1/go.mod h1:oPkhp1MJrh7nUepCBck5+mAzfO9JrbApNNgaTdGDITg=
golang.org/x/sys v0.0.0-20220520151302-bc2c85ada10a/go.mod h1:oPkhp1MJrh7nUepCBck5+mAzfO9JrbApNNgaTdGDITg=
golang.org/x/sys v0.0.0-20220715151400-c0bba94af5f8/go.mod h1:oPkhp1MJrh7nUepCBck5+mAzfO9JrbApNNgaTdGDITg=
golang.org/x/sys v0.0.0-20220722155257-8c9f86f7a55f/go.mod h1:oPkhp1MJrh7nUepCBck5+mAzfO9JrbApNNgaTdGDITg=
golang.org/x/sys v0.0.0-20220811171246-fbc7d0a398ab/go.mod h1:oPkhp1MJrh7nUepCBck5+mAzfO9JrbApNNgaTdGDITg=
golang.org/x/sys v0.5.0/go.mod h1:oPkhp1MJrh7nUepCBck5+mAzfO9JrbApNNgaTdGDITg=
golang.org/x/sys v0.6.0/go.mod h1:oPkhp1MJrh7nUepCBck5+mAzfO9JrbApNNgaTdGDITg=
golang.org/x/sys v0.7.0/go.mod h1:oPkhp1MJrh7nUepCBck5+mAzfO9JrbApNNgaTdGDITg=
golang.org/x/sys v0.8.0/go.mod h1:oPkhp1MJrh7nUepCBck5+mAzfO9JrbApNNgaTdGDITg=
golang.org/x/sys v0.11.0/go.mod h1:oPkhp1MJrh7nUepCBck5+mAzfO9JrbApNNgaTdGDITg=
golang.org/x/sys v0.12.0/go.mod h1:oPkhp1MJrh7nUepCBck5+mAzfO9JrbApNNgaTdGDITg=
golang.org/x/sys v0.16.0/go.mod h1:/VUhepiaJMQUp4+oa/7Zr1D23ma6VTLIYjOOTFZPUcA=
golang.org/x/sys v0.41.0 h1:Ivj+2Cp/ylzLiEU89QhWblYnOE9zerudt9Ftecq2C6k=
golang.org/x/sys v0.41.0/go.mod h1:OgkHotnGiDImocRcuBABYBEXf8A9a87e/uXjp9XT3ks=
golang.org/x/term v0.0.0-20201126162022-7de9c90e9dd1/go.mod h1:bj7SfCRtBDWHUb9snDiAeCFNEtKQo2Wmx5Cou7ajbmo=
golang.org/x/term v0.0.0-20210927222741-03fcf44c2211/go.mod h1:jbD1KX2456YbFQfuXm/mYQcufACuNUgVhRMnK/tPxf8=
golang.org/x/term v0.5.0/go.mod h1:jMB1sMXY+tzblOD4FWmEbocvup2/aLOaQEp7JmGp78k=
golang.org/x/term v0.7.0/go.mod h1:P32HKFT3hSsZrRxla30E9HqToFYAQPCMs/zFMBUFqPY=
golang.org/x/term v0.8.0/go.mod h1:xPskH00ivmX89bAKVGSKKtLOWNx2+17Eiy94tnKShWo=
golang.org/x/term v0.11.0/go.mod h1:zC9APTIj3jG3FdV/Ons+XE1riIZXG4aZ4GTHiPZJPIU=
golang.org/x/term v0.16.0/go.mod h1:yn7UURbUtPyrVJPGPq404EukNFxcm/foM+bV/bfcDsY=
golang.org/x/text v0.3.0/go.mod h1:NqM8EUOU14njkJ3fqMW+pc6Ldnwhi/IjpwHt7yyuwOQ=
golang.org/x/text v0.3.3/go.mod h1:5Zoc/QRtKVWzQhOtBMvqHzDpF6irO9z98xDceosuGiQ=
golang.org/x/text v0.3.7/go.mod h1:u+2+/6zg+i71rQMx5EYifcz6MCKuco9NR6JIITiCfzQ=
golang.org/x/text v0.7.0/go.mod h1:mrYo+phRRbMaCq/xk9113O4dZlRixOauAjOtrjsXDZ8=
golang.org/x/text v0.9.0/go.mod h1:e1OnstbJyHTd6l/uOt8jFFHp6TRDWZR/bV3emEE/zU8=
golang.org/x/text v0.12.0/go.mod h1:TvPlkZtksWOMsz7fbANvkp4WM8x/WCo/om8BMLbz+aE=
golang.org/x/text v0.14.0/go.mod h1:18ZOQIKpY8NJVqYksKHtTdi31H5itFRjB5/qKTNYzSU=
golang.org/x/text v0.34.0 h1:oL/Qq0Kdaqxa1KbNeMKwQq0reLCCaFtqu2eNuSeNHbk=
golang.org/x/text v0.34.0/go.mod h1:homfLqTYRFyVYemLBFl5GgL/DWEiH5wcsQ5gSh1yziA=
golang.org/x/tools v0.0.0-20180917221912-90fa682c2a6e/go.mod h1:n7NCudcB/nEzxVGmLbDWY5pfWTLqBcC2KZ6jyYvM4mQ=
golang.org/x/tools v0.0.0-20191119224855-298f0cb1881e/go.mod h1:b+2E5dAYhXwXZwtnZ6UAqBI28+e2cm9otk0dWdXHAEo=
golang.org/x/tools v0.1.12/go.mod h1:hNGJHUnrk76NpqgfD5Aqm5Crs+Hm0VOH/i9J2+nxYbc=
golang.org/x/tools v0.6.0/go.mod h1:Xwgl3UAJ/d3gWutnCtw505GrjyAbvKui8lOU390QaIU=
golang.org/x/xerrors v0.0.0-20190717185122-a985d3407aa7/go.mod h1:I/5z698sn9Ka8TeJc9MKroUUfqBBauWjQqLJ2OPfmY0=
golang.zx2c4.com/wireguard v0.0.0-20250521234502-f333402bd9cb h1:whnFRlWMcXI9d+ZbWg+4sHnLp52d5yiIPUxMBSt4X9A=
golang.zx2c4.com/wireguard v0.0.0-20250521234502-f333402bd9cb/go.mod h1:rpwXGsirqLqN2L0JDJQlwOboGHmptD5ZD6T2VmcqhTw=
golang.zx2c4.com/wireguard/wgctrl v0.0.0-20241231184526-a9ab2273dd10 h1:3GDAcqdIg1ozBNLgPy4SLT84nfcBjr6rhGtXYtrkWLU=
golang.zx2c4.com/wireguard/wgctrl v0.0.0-20241231184526-a9ab2273dd10/go.mod h1:T97yPqesLiNrOYxkwmhMI0ZIlJDm+p0PMR8eRVeR5tQ=
gopkg.in/check.v1 v0.0.0-20161208181325-20d25e280405/go.mod h1:Co6ibVJAznAaIkqp8huTwlJQCZ016jof/cbN4VW5Yz0=
gopkg.in/check.v1 v1.0.0-20201130134442-10cb98267c6c h1:Hei/4ADfdWqJk1ZMxUNpqntNwaWcugrBjAiHlqqRiVk=
gopkg.in/check.v1 v1.0.0-20201130134442-10cb98267c6c/go.mod h1:JHkPIbrfpd72SG/EVd6muEfDQjcINNoR0C8j2r3qZ4Q=
gopkg.in/yaml.v3 v3.0.0-20200313102051-9f266ea9e77c/go.mod h1:K4uyk7z7BCEPqu6E+C64Yfv1cQ7kz7rIZviUmN+EgEM=
gopkg.in/yaml.v3 v3.0.1 h1:fxVm/GzAzEWqLHuvctI91KS9hhNmmWOoWu0XTYJS7CA=
gopkg.in/yaml.v3 v3.0.1/go.mod h1:K4uyk7z7BCEPqu6E+C64Yfv1cQ7kz7rIZviUmN+EgEM=
